<?xml version="1.0" encoding="utf-8"?>
<Project ToolsVersion="14.0" xmlns="http://schemas.microsoft.com/developer/msbuild/2003">
  <ItemGroup>
    <Filter Include="Resources">
      <UniqueIdentifier>3db7449f-4ba5-4faa-8c2c-bc27249fc0db</UniqueIdentifier>
      <Extensions>rc;ico;cur;bmp;dlg;rc2;rct;bin;rgs;gif;jpg;jpeg;jpe;resx;tga;tiff;tif;png;wav;mfcribbon-ms</Extensions>
    </Filter>
    <Filter Include="Runtime">
      <UniqueIdentifier>{bff437de-e744-444d-a39b-858ced5c328d}</UniqueIdentifier>
    </Filter>
    <Filter Include="Helpers">
      <UniqueIdentifier>{d465eda8-5768-450e-9a60-68cefe4ee894}</UniqueIdentifier>
    </Filter>
    <Filter Include="XAudioSynthesis">
      <UniqueIdentifier>{58a359b4-7209-44ff-bcf5-131366782a2c}</UniqueIdentifier>
    </Filter>
  </ItemGroup>
  <ItemGroup>
    <ClCompile Include="pch.cpp" />
    <ClCompile Include="Runtime\WaveSource.cpp">
      <Filter>Runtime</Filter>
    </ClCompile>
    <ClCompile Include="Helpers\SampleGenerator.cpp">
      <Filter>Helpers</Filter>
    </ClCompile>
    <ClCompile Include="Helpers\Oscillators.cpp">
      <Filter>Helpers</Filter>
    </ClCompile>
    <ClCompile Include="Runtime\WavePlayer.cpp">
      <Filter>Runtime</Filter>
    </ClCompile>
    <ClCompile Include="Helpers\VoiceCallback.cpp">
      <Filter>Helpers</Filter>
    </ClCompile>
    <ClCompile Include="Helpers\XAudioBuffer.cpp">
      <Filter>Helpers</Filter>
    </ClCompile>
    <ClCompile Include="XAudioSynthesis\XAudioCompositor.cpp">
      <Filter>XAudioSynthesis</Filter>
    </ClCompile>
    <ClCompile Include="XAudioSynthesis\XAudioSource.cpp">
      <Filter>XAudioSynthesis</Filter>
    </ClCompile>
    <ClCompile Include="XAudioSynthesis\ActiveVoice.cpp">
      <Filter>XAudioSynthesis</Filter>
    </ClCompile>
    <ClCompile Include="XAudioSynthesis\XAudioFrame.cpp">
      <Filter>XAudioSynthesis</Filter>
    </ClCompile>
  </ItemGroup>
  <ItemGroup>
    <ClInclude Include="pch.h" />
    <ClInclude Include="Runtime\WaveSource.h">
      <Filter>Runtime</Filter>
    </ClInclude>
    <ClInclude Include="Helpers\SampleGenerator.h">
      <Filter>Helpers</Filter>
    </ClInclude>
    <ClInclude Include="Helpers\Oscillators.h">
      <Filter>Helpers</Filter>
    </ClInclude>
    <ClInclude Include="Runtime\WavePlayer.h">
      <Filter>Runtime</Filter>
    </ClInclude>
    <ClInclude Include="Helpers\VoiceCallback.h">
      <Filter>Helpers</Filter>
    </ClInclude>
    <ClInclude Include="Helpers\XAudioBuffer.h">
      <Filter>Helpers</Filter>
    </ClInclude>
    <ClInclude Include="XAudioSynthesis\IAudioCompositor.h">
      <Filter>XAudioSynthesis</Filter>
    </ClInclude>
    <ClInclude Include="XAudioSynthesis\IAudioSource.h">
      <Filter>XAudioSynthesis</Filter>
    </ClInclude>
    <ClInclude Include="XAudioSynthesis\XAudioCompositor.h">
      <Filter>XAudioSynthesis</Filter>
    </ClInclude>
    <ClInclude Include="XAudioSynthesis\IRetainable.h">
      <Filter>XAudioSynthesis</Filter>
    </ClInclude>
    <ClInclude Include="XAudioSynthesis\Retainable.h">
      <Filter>XAudioSynthesis</Filter>
    </ClInclude>
    <ClInclude Include="XAudioSynthesis\XAudioSource.h">
      <Filter>XAudioSynthesis</Filter>
    </ClInclude>
    <ClInclude Include="XAudioSynthesis\ActiveVoice.h">
      <Filter>XAudioSynthesis</Filter>
    </ClInclude>
    <ClInclude Include="XAudioSynthesis\XAudioFrame.h">
      <Filter>XAudioSynthesis</Filter>
    </ClInclude>
    <ClInclude Include="XAudioSynthesis\SampleWriter.h">
      <Filter>XAudioSynthesis</Filter>
    </ClInclude>
  </ItemGroup>
</Project>